
Microsoft Visual Studio Solution File, Format Version 12.00
# Visual Studio 15
VisualStudioVersion = 15.0.26228.9
MinimumVisualStudioVersion = 10.0.40219.1
Project("{FAE04EC0-301F-11D3-BF4B-00C04F79EFBC}") = "Complementary", "TPS CLUB INFO\Complementary.csproj", "{3588B225-56B0-450F-A0BF-9BF834608920}"
EndProject
Project("{FAE04EC0-301F-11D3-BF4B-00C04F79EFBC}") = "TP2_IUT", "École\TP2_IUT.csproj", "{D9A0A625-0A37-4D78-B1BD-49BFB3704529}"
EndProject
Project("{FAE04EC0-301F-11D3-BF4B-00C04F79EFBC}") = "OPC", "OPC\OPC.csproj", "{496571F8-C37B-4E63-8099-9B3B7CA057D8}"
EndProject
Project("{FAE04EC0-301F-11D3-BF4B-00C04F79EFBC}") = "Game", "Game\Game.csproj", "{08210819-4878-404E-B023-42355D263D51}"
EndProject
Project("{FAE04EC0-301F-11D3-BF4B-00C04F79EFBC}") = "TESTS", "TESTS\TESTS.csproj", "{2F2705F9-AA46-4E15-9182-B788722E8717}"
EndProject
Project("{FAE04EC0-301F-11D3-BF4B-00C04F79EFBC}") = "Ex_17 Composite", "Composite\Ex_17 Composite.csproj", "{300836AB-7FB3-41CD-9BC1-A66FB11D9E49}"
EndProject
Project("{FAE04EC0-301F-11D3-BF4B-00C04F79EFBC}") = "Ex_18 Strategy", "Strategy\Ex_18 Strategy.csproj", "{F22BE6C5-E750-47A1-9B4F-69671EEF9B45}"
EndProject
Project("{2150E333-8FDC-42A3-9474-1A3956D46DE8}") = "Exercises", "Exercises", "{553272DB-244A-4E76-B7DC-9BFB9C6728DD}"
EndProject
Project("{FAE04EC0-301F-11D3-BF4B-00C04F79EFBC}") = "Ex_19", "Ex_19\Ex_19.csproj", "{532304AA-5883-49E0-AA81-3E9F1CF02B67}"
EndProject
Project("{2150E333-8FDC-42A3-9474-1A3956D46DE8}") = "TP3", "TP3", "{CD0B88CA-6899-4AEA-ACC2-D8ED7BF0EB8D}"
EndProject
Project("{FAE04EC0-301F-11D3-BF4B-00C04F79EFBC}") = "TP3_Console", "TP3_Console\TP3_Console.csproj", "{475A47B5-2C03-47AF-957D-5715B7DAD425}"
EndProject
Project("{FAE04EC0-301F-11D3-BF4B-00C04F79EFBC}") = "TP3_Library", "TP3_Library\TP3_Library.csproj", "{8088A6D9-0413-4C48-8D93-B3EC7035B23E}"
EndProject
Project("{FAE04EC0-301F-11D3-BF4B-00C04F79EFBC}") = "Ex_01, Exo_02", "Complementary_Ex\Ex_01, Exo_02.csproj", "{78AD0E94-BD2B-4E03-A4CA-E60D58905444}"
EndProject
Project("{2150E333-8FDC-42A3-9474-1A3956D46DE8}") = "Complementary", "Complementary", "{9C9DFA63-C073-4489-819B-2571F692DEAA}"
EndProject
Project("{2150E333-8FDC-42A3-9474-1A3956D46DE8}") = "TP2", "TP2", "{A6387C38-0B90-49BF-8144-2F943CC231B6}"
EndProject
Project("{2150E333-8FDC-42A3-9474-1A3956D46DE8}") = "Patterns", "Patterns", "{F449BE9D-BD6D-4FDF-9222-83636A9D1D3D}"
EndProject
Project("{2150E333-8FDC-42A3-9474-1A3956D46DE8}") = "Complementary", "Complementary", "{7FEAC3F7-5F40-4F83-981A-BA645055F7E7}"
EndProject
Project("{2150E333-8FDC-42A3-9474-1A3956D46DE8}") = "TP1", "TP1", "{2AD93762-B717-4D2A-A2AB-283F01E5C82B}"
EndProject
Project("{FAE04EC0-301F-11D3-BF4B-00C04F79EFBC}") = "Complementary", "Complementary\Complementary.csproj", "{291120B6-9CF4-4CE3-8CDE-45F5AE094090}"
EndProject
Project("{FAE04EC0-301F-11D3-BF4B-00C04F79EFBC}") = "Ex_03", "Ex_02\Ex_03.csproj", "{5CFA800C-58E9-441E-A53C-0FFBBDCC7493}"
EndProject
Project("{2150E333-8FDC-42A3-9474-1A3956D46DE8}") = "TP4", "TP4", "{CFD9C3FD-2EB7-4A6B-9E25-90BB1A64EDA5}"
EndProject
Project("{FAE04EC0-301F-11D3-BF4B-00C04F79EFBC}") = "TP4", "TP4\TP4.csproj", "{90C9C058-B020-436D-B252-1484CA8A3AF7}"
EndProject
Project("{2150E333-8FDC-42A3-9474-1A3956D46DE8}") = "Tennis", "Tennis", "{4FD6FBFB-343E-4AEE-AA4A-FF8931B6BCBA}"
EndProject
Project("{FAE04EC0-301F-11D3-BF4B-00C04F79EFBC}") = "giMyMatchData", "Tennis\giMyMatchData\giMyMatchData.csproj", "{4E5C51D6-AFDE-4C9F-8162-55CB61FD0B3D}"
EndProject
Project("{FAE04EC0-301F-11D3-BF4B-00C04F79EFBC}") = "MatchTracker", "Tennis\MatchTracker\MatchTracker.csproj", "{AEAEFE47-F8AA-4911-BD5C-D74D0443E557}"
EndProject
Project("{2150E333-8FDC-42A3-9474-1A3956D46DE8}") = "Docs", "Docs", "{FD6CBD3C-AAAA-45E1-9AA3-1C7B0843923E}"
	ProjectSection(SolutionItems) = preProject
		Tennis\Documentation\exos_04.pdf = Tennis\Documentation\exos_04.pdf
	EndProjectSection
EndProject
Project("{2150E333-8FDC-42A3-9474-1A3956D46DE8}") = "Doxygen", "Doxygen", "{88151849-4E3A-470F-BE15-AAE74F92F583}"
	ProjectSection(SolutionItems) = preProject
		Tennis\Documentation\docs\annotated.html = Tennis\Documentation\docs\annotated.html
		Tennis\Documentation\docs\classes.html = Tennis\Documentation\docs\classes.html
		Tennis\Documentation\docs\classEventArgs.html = Tennis\Documentation\docs\classEventArgs.html
		Tennis\Documentation\docs\classEventArgs.png = Tennis\Documentation\docs\classEventArgs.png
		Tennis\Documentation\docs\classgiCaster_1_1TennisCaster-members.html = Tennis\Documentation\docs\classgiCaster_1_1TennisCaster-members.html
		Tennis\Documentation\docs\classgiCaster_1_1TennisCaster.html = Tennis\Documentation\docs\classgiCaster_1_1TennisCaster.html
		Tennis\Documentation\docs\classgiCaster_1_1TennisCaster_1_1PointGagn_xC3_xA9EventArgs-members.html = Tennis\Documentation\docs\classgiCaster_1_1TennisCaster_1_1PointGagn_xC3_xA9EventArgs-members.html
		Tennis\Documentation\docs\classgiCaster_1_1TennisCaster_1_1PointGagn_xC3_xA9EventArgs.html = Tennis\Documentation\docs\classgiCaster_1_1TennisCaster_1_1PointGagn_xC3_xA9EventArgs.html
		Tennis\Documentation\docs\classgiCaster_1_1TennisCaster_1_1PointGagn_xC3_xA9EventArgs.png = Tennis\Documentation\docs\classgiCaster_1_1TennisCaster_1_1PointGagn_xC3_xA9EventArgs.png
		Tennis\Documentation\docs\classgiMatchData_1_1Jeu-members.html = Tennis\Documentation\docs\classgiMatchData_1_1Jeu-members.html
		Tennis\Documentation\docs\classgiMatchData_1_1Jeu.html = Tennis\Documentation\docs\classgiMatchData_1_1Jeu.html
		Tennis\Documentation\docs\classgiMatchData_1_1Jeu.png = Tennis\Documentation\docs\classgiMatchData_1_1Jeu.png
		Tennis\Documentation\docs\classgiMatchData_1_1Match-members.html = Tennis\Documentation\docs\classgiMatchData_1_1Match-members.html
		Tennis\Documentation\docs\classgiMatchData_1_1Match.html = Tennis\Documentation\docs\classgiMatchData_1_1Match.html
		Tennis\Documentation\docs\classgiMatchData_1_1Match.png = Tennis\Documentation\docs\classgiMatchData_1_1Match.png
		Tennis\Documentation\docs\classgiMatchData_1_1Set-members.html = Tennis\Documentation\docs\classgiMatchData_1_1Set-members.html
		Tennis\Documentation\docs\classgiMatchData_1_1Set.html = Tennis\Documentation\docs\classgiMatchData_1_1Set.html
		Tennis\Documentation\docs\classgiMatchData_1_1TieBreak-members.html = Tennis\Documentation\docs\classgiMatchData_1_1TieBreak-members.html
		Tennis\Documentation\docs\classgiMatchData_1_1TieBreak.html = Tennis\Documentation\docs\classgiMatchData_1_1TieBreak.html
		Tennis\Documentation\docs\classgiMatchData_1_1TieBreak.png = Tennis\Documentation\docs\classgiMatchData_1_1TieBreak.png
		Tennis\Documentation\docs\classgiMatchDisplayTool_1_1DisplayMatch-members.html = Tennis\Documentation\docs\classgiMatchDisplayTool_1_1DisplayMatch-members.html
		Tennis\Documentation\docs\classgiMatchDisplayTool_1_1DisplayMatch.html = Tennis\Documentation\docs\classgiMatchDisplayTool_1_1DisplayMatch.html
		Tennis\Documentation\docs\doxygen.css = Tennis\Documentation\docs\doxygen.css
		Tennis\Documentation\docs\doxygen.png = Tennis\Documentation\docs\doxygen.png
		Tennis\Documentation\docs\ftv2blank.png = Tennis\Documentation\docs\ftv2blank.png
		Tennis\Documentation\docs\ftv2doc.png = Tennis\Documentation\docs\ftv2doc.png
		Tennis\Documentation\docs\ftv2folderclosed.png = Tennis\Documentation\docs\ftv2folderclosed.png
		Tennis\Documentation\docs\ftv2folderopen.png = Tennis\Documentation\docs\ftv2folderopen.png
		Tennis\Documentation\docs\ftv2lastnode.png = Tennis\Documentation\docs\ftv2lastnode.png
		Tennis\Documentation\docs\ftv2link.png = Tennis\Documentation\docs\ftv2link.png
		Tennis\Documentation\docs\ftv2mlastnode.png = Tennis\Documentation\docs\ftv2mlastnode.png
		Tennis\Documentation\docs\ftv2mnode.png = Tennis\Documentation\docs\ftv2mnode.png
		Tennis\Documentation\docs\ftv2node.png = Tennis\Documentation\docs\ftv2node.png
		Tennis\Documentation\docs\ftv2plastnode.png = Tennis\Documentation\docs\ftv2plastnode.png
		Tennis\Documentation\docs\ftv2pnode.png = Tennis\Documentation\docs\ftv2pnode.png
		Tennis\Documentation\docs\ftv2vertline.png = Tennis\Documentation\docs\ftv2vertline.png
		Tennis\Documentation\docs\functions.html = Tennis\Documentation\docs\functions.html
		Tennis\Documentation\docs\functions_enum.html = Tennis\Documentation\docs\functions_enum.html
		Tennis\Documentation\docs\functions_evnt.html = Tennis\Documentation\docs\functions_evnt.html
		Tennis\Documentation\docs\functions_func.html = Tennis\Documentation\docs\functions_func.html
		Tennis\Documentation\docs\functions_prop.html = Tennis\Documentation\docs\functions_prop.html
		Tennis\Documentation\docs\functions_vars.html = Tennis\Documentation\docs\functions_vars.html
		Tennis\Documentation\docs\hierarchy.html = Tennis\Documentation\docs\hierarchy.html
		Tennis\Documentation\docs\index.html = Tennis\Documentation\docs\index.html
		Tennis\Documentation\docs\interfacegiMatchData_1_1IMatch-members.html = Tennis\Documentation\docs\interfacegiMatchData_1_1IMatch-members.html
		Tennis\Documentation\docs\interfacegiMatchData_1_1IMatch.html = Tennis\Documentation\docs\interfacegiMatchData_1_1IMatch.html
		Tennis\Documentation\docs\interfacegiMatchData_1_1IMatch.png = Tennis\Documentation\docs\interfacegiMatchData_1_1IMatch.png
		Tennis\Documentation\docs\main.html = Tennis\Documentation\docs\main.html
		Tennis\Documentation\docs\namespacegiCaster.html = Tennis\Documentation\docs\namespacegiCaster.html
		Tennis\Documentation\docs\namespacegiMatchData.html = Tennis\Documentation\docs\namespacegiMatchData.html
		Tennis\Documentation\docs\namespacegiMatchDisplayTool.html = Tennis\Documentation\docs\namespacegiMatchDisplayTool.html
		Tennis\Documentation\docs\namespaces.html = Tennis\Documentation\docs\namespaces.html
		Tennis\Documentation\docs\tab_b.gif = Tennis\Documentation\docs\tab_b.gif
		Tennis\Documentation\docs\tab_l.gif = Tennis\Documentation\docs\tab_l.gif
		Tennis\Documentation\docs\tab_r.gif = Tennis\Documentation\docs\tab_r.gif
		Tennis\Documentation\docs\tabs.css = Tennis\Documentation\docs\tabs.css
		Tennis\Documentation\docs\tree.html = Tennis\Documentation\docs\tree.html
	EndProjectSection
EndProject
Global
	GlobalSection(SolutionConfigurationPlatforms) = preSolution
		Debug|Any CPU = Debug|Any CPU
		Release|Any CPU = Release|Any CPU
	EndGlobalSection
	GlobalSection(ProjectConfigurationPlatforms) = postSolution
		{3588B225-56B0-450F-A0BF-9BF834608920}.Debug|Any CPU.ActiveCfg = Debug|Any CPU
		{3588B225-56B0-450F-A0BF-9BF834608920}.Debug|Any CPU.Build.0 = Debug|Any CPU
		{3588B225-56B0-450F-A0BF-9BF834608920}.Release|Any CPU.ActiveCfg = Release|Any CPU
		{3588B225-56B0-450F-A0BF-9BF834608920}.Release|Any CPU.Build.0 = Release|Any CPU
		{D9A0A625-0A37-4D78-B1BD-49BFB3704529}.Debug|Any CPU.ActiveCfg = Debug|Any CPU
		{D9A0A625-0A37-4D78-B1BD-49BFB3704529}.Debug|Any CPU.Build.0 = Debug|Any CPU
		{D9A0A625-0A37-4D78-B1BD-49BFB3704529}.Release|Any CPU.ActiveCfg = Release|Any CPU
		{D9A0A625-0A37-4D78-B1BD-49BFB3704529}.Release|Any CPU.Build.0 = Release|Any CPU
		{496571F8-C37B-4E63-8099-9B3B7CA057D8}.Debug|Any CPU.ActiveCfg = Debug|Any CPU
		{496571F8-C37B-4E63-8099-9B3B7CA057D8}.Debug|Any CPU.Build.0 = Debug|Any CPU
		{496571F8-C37B-4E63-8099-9B3B7CA057D8}.Release|Any CPU.ActiveCfg = Release|Any CPU
		{496571F8-C37B-4E63-8099-9B3B7CA057D8}.Release|Any CPU.Build.0 = Release|Any CPU
		{08210819-4878-404E-B023-42355D263D51}.Debug|Any CPU.ActiveCfg = Debug|Any CPU
		{08210819-4878-404E-B023-42355D263D51}.Debug|Any CPU.Build.0 = Debug|Any CPU
		{08210819-4878-404E-B023-42355D263D51}.Release|Any CPU.ActiveCfg = Release|Any CPU
		{08210819-4878-404E-B023-42355D263D51}.Release|Any CPU.Build.0 = Release|Any CPU
		{2F2705F9-AA46-4E15-9182-B788722E8717}.Debug|Any CPU.ActiveCfg = Debug|Any CPU
		{2F2705F9-AA46-4E15-9182-B788722E8717}.Debug|Any CPU.Build.0 = Debug|Any CPU
		{2F2705F9-AA46-4E15-9182-B788722E8717}.Release|Any CPU.ActiveCfg = Release|Any CPU
		{2F2705F9-AA46-4E15-9182-B788722E8717}.Release|Any CPU.Build.0 = Release|Any CPU
		{300836AB-7FB3-41CD-9BC1-A66FB11D9E49}.Debug|Any CPU.ActiveCfg = Debug|Any CPU
		{300836AB-7FB3-41CD-9BC1-A66FB11D9E49}.Debug|Any CPU.Build.0 = Debug|Any CPU
		{300836AB-7FB3-41CD-9BC1-A66FB11D9E49}.Release|Any CPU.ActiveCfg = Release|Any CPU
		{300836AB-7FB3-41CD-9BC1-A66FB11D9E49}.Release|Any CPU.Build.0 = Release|Any CPU
		{F22BE6C5-E750-47A1-9B4F-69671EEF9B45}.Debug|Any CPU.ActiveCfg = Debug|Any CPU
		{F22BE6C5-E750-47A1-9B4F-69671EEF9B45}.Debug|Any CPU.Build.0 = Debug|Any CPU
		{F22BE6C5-E750-47A1-9B4F-69671EEF9B45}.Release|Any CPU.ActiveCfg = Release|Any CPU
		{F22BE6C5-E750-47A1-9B4F-69671EEF9B45}.Release|Any CPU.Build.0 = Release|Any CPU
		{532304AA-5883-49E0-AA81-3E9F1CF02B67}.Debug|Any CPU.ActiveCfg = Debug|Any CPU
		{532304AA-5883-49E0-AA81-3E9F1CF02B67}.Debug|Any CPU.Build.0 = Debug|Any CPU
		{532304AA-5883-49E0-AA81-3E9F1CF02B67}.Release|Any CPU.ActiveCfg = Release|Any CPU
		{532304AA-5883-49E0-AA81-3E9F1CF02B67}.Release|Any CPU.Build.0 = Release|Any CPU
		{475A47B5-2C03-47AF-957D-5715B7DAD425}.Debug|Any CPU.ActiveCfg = Debug|Any CPU
		{475A47B5-2C03-47AF-957D-5715B7DAD425}.Debug|Any CPU.Build.0 = Debug|Any CPU
		{475A47B5-2C03-47AF-957D-5715B7DAD425}.Release|Any CPU.ActiveCfg = Release|Any CPU
		{475A47B5-2C03-47AF-957D-5715B7DAD425}.Release|Any CPU.Build.0 = Release|Any CPU
		{8088A6D9-0413-4C48-8D93-B3EC7035B23E}.Debug|Any CPU.ActiveCfg = Debug|Any CPU
		{8088A6D9-0413-4C48-8D93-B3EC7035B23E}.Debug|Any CPU.Build.0 = Debug|Any CPU
		{8088A6D9-0413-4C48-8D93-B3EC7035B23E}.Release|Any CPU.ActiveCfg = Release|Any CPU
		{8088A6D9-0413-4C48-8D93-B3EC7035B23E}.Release|Any CPU.Build.0 = Release|Any CPU
		{78AD0E94-BD2B-4E03-A4CA-E60D58905444}.Debug|Any CPU.ActiveCfg = Debug|Any CPU
		{78AD0E94-BD2B-4E03-A4CA-E60D58905444}.Debug|Any CPU.Build.0 = Debug|Any CPU
		{78AD0E94-BD2B-4E03-A4CA-E60D58905444}.Release|Any CPU.ActiveCfg = Release|Any CPU
		{78AD0E94-BD2B-4E03-A4CA-E60D58905444}.Release|Any CPU.Build.0 = Release|Any CPU
		{291120B6-9CF4-4CE3-8CDE-45F5AE094090}.Debug|Any CPU.ActiveCfg = Debug|Any CPU
		{291120B6-9CF4-4CE3-8CDE-45F5AE094090}.Debug|Any CPU.Build.0 = Debug|Any CPU
		{291120B6-9CF4-4CE3-8CDE-45F5AE094090}.Release|Any CPU.ActiveCfg = Release|Any CPU
		{291120B6-9CF4-4CE3-8CDE-45F5AE094090}.Release|Any CPU.Build.0 = Release|Any CPU
		{5CFA800C-58E9-441E-A53C-0FFBBDCC7493}.Debug|Any CPU.ActiveCfg = Debug|Any CPU
		{5CFA800C-58E9-441E-A53C-0FFBBDCC7493}.Debug|Any CPU.Build.0 = Debug|Any CPU
		{5CFA800C-58E9-441E-A53C-0FFBBDCC7493}.Release|Any CPU.ActiveCfg = Release|Any CPU
		{5CFA800C-58E9-441E-A53C-0FFBBDCC7493}.Release|Any CPU.Build.0 = Release|Any CPU
		{90C9C058-B020-436D-B252-1484CA8A3AF7}.Debug|Any CPU.ActiveCfg = Debug|Any CPU
		{90C9C058-B020-436D-B252-1484CA8A3AF7}.Debug|Any CPU.Build.0 = Debug|Any CPU
		{90C9C058-B020-436D-B252-1484CA8A3AF7}.Release|Any CPU.ActiveCfg = Release|Any CPU
		{90C9C058-B020-436D-B252-1484CA8A3AF7}.Release|Any CPU.Build.0 = Release|Any CPU
		{4E5C51D6-AFDE-4C9F-8162-55CB61FD0B3D}.Debug|Any CPU.ActiveCfg = Debug|Any CPU
		{4E5C51D6-AFDE-4C9F-8162-55CB61FD0B3D}.Debug|Any CPU.Build.0 = Debug|Any CPU
		{4E5C51D6-AFDE-4C9F-8162-55CB61FD0B3D}.Release|Any CPU.ActiveCfg = Release|Any CPU
		{4E5C51D6-AFDE-4C9F-8162-55CB61FD0B3D}.Release|Any CPU.Build.0 = Release|Any CPU
		{AEAEFE47-F8AA-4911-BD5C-D74D0443E557}.Debug|Any CPU.ActiveCfg = Debug|Any CPU
		{AEAEFE47-F8AA-4911-BD5C-D74D0443E557}.Debug|Any CPU.Build.0 = Debug|Any CPU
		{AEAEFE47-F8AA-4911-BD5C-D74D0443E557}.Release|Any CPU.ActiveCfg = Release|Any CPU
		{AEAEFE47-F8AA-4911-BD5C-D74D0443E557}.Release|Any CPU.Build.0 = Release|Any CPU
	EndGlobalSection
	GlobalSection(SolutionProperties) = preSolution
		HideSolutionNode = FALSE
	EndGlobalSection
	GlobalSection(NestedProjects) = preSolution
		{3588B225-56B0-450F-A0BF-9BF834608920} = {7FEAC3F7-5F40-4F83-981A-BA645055F7E7}
		{D9A0A625-0A37-4D78-B1BD-49BFB3704529} = {A6387C38-0B90-49BF-8144-2F943CC231B6}
		{300836AB-7FB3-41CD-9BC1-A66FB11D9E49} = {F449BE9D-BD6D-4FDF-9222-83636A9D1D3D}
		{F22BE6C5-E750-47A1-9B4F-69671EEF9B45} = {F449BE9D-BD6D-4FDF-9222-83636A9D1D3D}
		{532304AA-5883-49E0-AA81-3E9F1CF02B67} = {7FEAC3F7-5F40-4F83-981A-BA645055F7E7}
		{CD0B88CA-6899-4AEA-ACC2-D8ED7BF0EB8D} = {553272DB-244A-4E76-B7DC-9BFB9C6728DD}
		{475A47B5-2C03-47AF-957D-5715B7DAD425} = {CD0B88CA-6899-4AEA-ACC2-D8ED7BF0EB8D}
		{8088A6D9-0413-4C48-8D93-B3EC7035B23E} = {CD0B88CA-6899-4AEA-ACC2-D8ED7BF0EB8D}
		{78AD0E94-BD2B-4E03-A4CA-E60D58905444} = {9C9DFA63-C073-4489-819B-2571F692DEAA}
		{9C9DFA63-C073-4489-819B-2571F692DEAA} = {CD0B88CA-6899-4AEA-ACC2-D8ED7BF0EB8D}
		{A6387C38-0B90-49BF-8144-2F943CC231B6} = {553272DB-244A-4E76-B7DC-9BFB9C6728DD}
		{F449BE9D-BD6D-4FDF-9222-83636A9D1D3D} = {553272DB-244A-4E76-B7DC-9BFB9C6728DD}
		{7FEAC3F7-5F40-4F83-981A-BA645055F7E7} = {A6387C38-0B90-49BF-8144-2F943CC231B6}
		{2AD93762-B717-4D2A-A2AB-283F01E5C82B} = {553272DB-244A-4E76-B7DC-9BFB9C6728DD}
		{291120B6-9CF4-4CE3-8CDE-45F5AE094090} = {2AD93762-B717-4D2A-A2AB-283F01E5C82B}
		{5CFA800C-58E9-441E-A53C-0FFBBDCC7493} = {9C9DFA63-C073-4489-819B-2571F692DEAA}
		{CFD9C3FD-2EB7-4A6B-9E25-90BB1A64EDA5} = {553272DB-244A-4E76-B7DC-9BFB9C6728DD}
		{90C9C058-B020-436D-B252-1484CA8A3AF7} = {CFD9C3FD-2EB7-4A6B-9E25-90BB1A64EDA5}
		{4FD6FBFB-343E-4AEE-AA4A-FF8931B6BCBA} = {553272DB-244A-4E76-B7DC-9BFB9C6728DD}
		{4E5C51D6-AFDE-4C9F-8162-55CB61FD0B3D} = {4FD6FBFB-343E-4AEE-AA4A-FF8931B6BCBA}
		{AEAEFE47-F8AA-4911-BD5C-D74D0443E557} = {4FD6FBFB-343E-4AEE-AA4A-FF8931B6BCBA}
		{FD6CBD3C-AAAA-45E1-9AA3-1C7B0843923E} = {4FD6FBFB-343E-4AEE-AA4A-FF8931B6BCBA}
		{88151849-4E3A-470F-BE15-AAE74F92F583} = {FD6CBD3C-AAAA-45E1-9AA3-1C7B0843923E}
	EndGlobalSection
EndGlobal
