
Microsoft Visual Studio Solution File, Format Version 12.00
# Visual Studio 15
VisualStudioVersion = 15.0.26430.6
MinimumVisualStudioVersion = 10.0.40219.1
Project("{FAE04EC0-301F-11D3-BF4B-00C04F79EFBC}") = "TESTS", "TESTS\TESTS.csproj", "{2F2705F9-AA46-4E15-9182-B788722E8717}"
EndProject
Project("{2150E333-8FDC-42A3-9474-1A3956D46DE8}") = "Exercises", "Exercises", "{553272DB-244A-4E76-B7DC-9BFB9C6728DD}"
EndProject
Project("{2150E333-8FDC-42A3-9474-1A3956D46DE8}") = "TP3", "TP3", "{CD0B88CA-6899-4AEA-ACC2-D8ED7BF0EB8D}"
EndProject
Project("{2150E333-8FDC-42A3-9474-1A3956D46DE8}") = "Complementary", "Complementary", "{9C9DFA63-C073-4489-819B-2571F692DEAA}"
EndProject
Project("{2150E333-8FDC-42A3-9474-1A3956D46DE8}") = "TP2", "TP2", "{A6387C38-0B90-49BF-8144-2F943CC231B6}"
EndProject
Project("{2150E333-8FDC-42A3-9474-1A3956D46DE8}") = "Patterns", "Patterns", "{F449BE9D-BD6D-4FDF-9222-83636A9D1D3D}"
EndProject
Project("{2150E333-8FDC-42A3-9474-1A3956D46DE8}") = "Complementary", "Complementary", "{7FEAC3F7-5F40-4F83-981A-BA645055F7E7}"
EndProject
Project("{2150E333-8FDC-42A3-9474-1A3956D46DE8}") = "TP1", "TP1", "{2AD93762-B717-4D2A-A2AB-283F01E5C82B}"
EndProject
Project("{2150E333-8FDC-42A3-9474-1A3956D46DE8}") = "TP4", "TP4", "{CFD9C3FD-2EB7-4A6B-9E25-90BB1A64EDA5}"
EndProject
Project("{2150E333-8FDC-42A3-9474-1A3956D46DE8}") = "TP5", "TP5", "{4FD6FBFB-343E-4AEE-AA4A-FF8931B6BCBA}"
EndProject
Project("{2150E333-8FDC-42A3-9474-1A3956D46DE8}") = "IUT", "IUT", "{E57AF605-B1C4-4F11-B92E-46B71DC2BE7B}"
EndProject
Project("{2150E333-8FDC-42A3-9474-1A3956D46DE8}") = "TP1", "TP1", "{22DA4EF1-6FAD-4450-9EB2-EE0679692302}"
EndProject
Project("{FAE04EC0-301F-11D3-BF4B-00C04F79EFBC}") = "Ex_17 Composite", "Excercises\Patterns\Composite\Ex_17 Composite.csproj", "{300836AB-7FB3-41CD-9BC1-A66FB11D9E49}"
EndProject
Project("{FAE04EC0-301F-11D3-BF4B-00C04F79EFBC}") = "Ex_18 Strategy", "Excercises\Patterns\Strategy\Ex_18 Strategy.csproj", "{F22BE6C5-E750-47A1-9B4F-69671EEF9B45}"
EndProject
Project("{FAE04EC0-301F-11D3-BF4B-00C04F79EFBC}") = "Complementary", "Excercises\TP1\Complementary\Complementary.csproj", "{291120B6-9CF4-4CE3-8CDE-45F5AE094090}"
EndProject
Project("{FAE04EC0-301F-11D3-BF4B-00C04F79EFBC}") = "Complementary", "Excercises\TP2\Complementary\TP2COMPLEMENTARY\Complementary.csproj", "{3588B225-56B0-450F-A0BF-9BF834608920}"
EndProject
Project("{FAE04EC0-301F-11D3-BF4B-00C04F79EFBC}") = "Ex_19", "Excercises\TP2\Complementary\Ex_19\Ex_19.csproj", "{532304AA-5883-49E0-AA81-3E9F1CF02B67}"
EndProject
Project("{FAE04EC0-301F-11D3-BF4B-00C04F79EFBC}") = "TP2_IUT", "Excercises\TP2\École\TP2_IUT.csproj", "{D9A0A625-0A37-4D78-B1BD-49BFB3704529}"
EndProject
Project("{FAE04EC0-301F-11D3-BF4B-00C04F79EFBC}") = "Ex_01, Exo_02", "Excercises\TP3\Complementary\Complementary_Ex\Ex_01, Exo_02.csproj", "{78AD0E94-BD2B-4E03-A4CA-E60D58905444}"
EndProject
Project("{FAE04EC0-301F-11D3-BF4B-00C04F79EFBC}") = "Ex_03", "Excercises\TP3\Complementary\Ex_03\Ex_03.csproj", "{5CFA800C-58E9-441E-A53C-0FFBBDCC7493}"
EndProject
Project("{FAE04EC0-301F-11D3-BF4B-00C04F79EFBC}") = "TP3_Console", "Excercises\TP3\TP3_Console\TP3_Console.csproj", "{475A47B5-2C03-47AF-957D-5715B7DAD425}"
EndProject
Project("{FAE04EC0-301F-11D3-BF4B-00C04F79EFBC}") = "TP3_Library", "Excercises\TP3\TP3_Library\TP3_Library.csproj", "{8088A6D9-0413-4C48-8D93-B3EC7035B23E}"
EndProject
Project("{9A19103F-16F7-4668-BE54-9A1E7A4F7556}") = "TP4", "Excercises\TP4\TP4\TP4.csproj", "{4019865F-2A03-469F-B7CF-BAA91EF09EE1}"
EndProject
Project("{FAE04EC0-301F-11D3-BF4B-00C04F79EFBC}") = "Game", "Creations\Game\Game.csproj", "{08210819-4878-404E-B023-42355D263D51}"
EndProject
Project("{2150E333-8FDC-42A3-9474-1A3956D46DE8}") = "Creations", "Creations", "{0A237974-61AF-4A32-9ECF-5BD49A5CAD77}"
EndProject
Project("{2150E333-8FDC-42A3-9474-1A3956D46DE8}") = "OpenClassrooms", "OpenClassrooms", "{D2763080-281A-4418-9F29-4EAFDB74E02E}"
EndProject
Project("{FAE04EC0-301F-11D3-BF4B-00C04F79EFBC}") = "OPC", "OpenClassrooms\OPC.csproj", "{496571F8-C37B-4E63-8099-9B3B7CA057D8}"
EndProject
Project("{2150E333-8FDC-42A3-9474-1A3956D46DE8}") = "TP2", "TP2", "{A6D63163-4145-4C85-B007-B334E5A674FE}"
EndProject
Project("{2150E333-8FDC-42A3-9474-1A3956D46DE8}") = "!SheetsPDF", "!SheetsPDF", "{D00C0D50-412C-4D42-BFEF-7FB9D1A4A89A}"
	ProjectSection(SolutionItems) = preProject
		Excercises\!SheetsPDF\ALL.pdf = Excercises\!SheetsPDF\ALL.pdf
		Excercises\!SheetsPDF\TP1-2.pdf = Excercises\!SheetsPDF\TP1-2.pdf
		Excercises\!SheetsPDF\TP10.pdf = Excercises\!SheetsPDF\TP10.pdf
		Excercises\!SheetsPDF\TP11.pdf = Excercises\!SheetsPDF\TP11.pdf
		Excercises\!SheetsPDF\TP12.pdf = Excercises\!SheetsPDF\TP12.pdf
		Excercises\!SheetsPDF\TP13.pdf = Excercises\!SheetsPDF\TP13.pdf
		Excercises\!SheetsPDF\TP3.pdf = Excercises\!SheetsPDF\TP3.pdf
		Excercises\!SheetsPDF\TP4.pdf = Excercises\!SheetsPDF\TP4.pdf
		Excercises\!SheetsPDF\TP5.pdf = Excercises\!SheetsPDF\TP5.pdf
		Excercises\!SheetsPDF\TP6.pdf = Excercises\!SheetsPDF\TP6.pdf
		Excercises\!SheetsPDF\TP7.pdf = Excercises\!SheetsPDF\TP7.pdf
		Excercises\!SheetsPDF\TP8.pdf = Excercises\!SheetsPDF\TP8.pdf
		Excercises\!SheetsPDF\TP9.pdf = Excercises\!SheetsPDF\TP9.pdf
	EndProjectSection
EndProject
Project("{FAE04EC0-301F-11D3-BF4B-00C04F79EFBC}") = "MatchTracker", "Excercises\TP5\MatchTracker\MatchTracker.csproj", "{AEAEFE47-F8AA-4911-BD5C-D74D0443E557}"
EndProject
Project("{FAE04EC0-301F-11D3-BF4B-00C04F79EFBC}") = "giMyMatchData", "Excercises\TP5\giMyMatchData\giMyMatchData.csproj", "{4E5C51D6-AFDE-4C9F-8162-55CB61FD0B3D}"
EndProject
Project("{2150E333-8FDC-42A3-9474-1A3956D46DE8}") = "Documentation", "Documentation", "{2A5F77B1-5AE4-43F5-B634-D729D008117A}"
	ProjectSection(SolutionItems) = preProject
		Excercises\TP5\Documentation\exos_04.pdf = Excercises\TP5\Documentation\exos_04.pdf
	EndProjectSection
EndProject
Project("{2150E333-8FDC-42A3-9474-1A3956D46DE8}") = "DLL", "DLL", "{DF08C98C-B9C2-4E65-B82E-3A912E7A46E7}"
	ProjectSection(SolutionItems) = preProject
		Excercises\TP5\Documentation\DLL\giCaster.dll = Excercises\TP5\Documentation\DLL\giCaster.dll
		Excercises\TP5\Documentation\DLL\giMatchData.dll = Excercises\TP5\Documentation\DLL\giMatchData.dll
		Excercises\TP5\Documentation\DLL\giMatchDisplayTool.dll = Excercises\TP5\Documentation\DLL\giMatchDisplayTool.dll
	EndProjectSection
EndProject
Project("{2150E333-8FDC-42A3-9474-1A3956D46DE8}") = "docs", "docs", "{4D81CD4E-3458-4D17-9D3D-06D3DD0F36D0}"
	ProjectSection(SolutionItems) = preProject
		Excercises\TP5\Documentation\docs\annotated.html = Excercises\TP5\Documentation\docs\annotated.html
		Excercises\TP5\Documentation\docs\classes.html = Excercises\TP5\Documentation\docs\classes.html
		Excercises\TP5\Documentation\docs\classEventArgs.html = Excercises\TP5\Documentation\docs\classEventArgs.html
		Excercises\TP5\Documentation\docs\classEventArgs.png = Excercises\TP5\Documentation\docs\classEventArgs.png
		Excercises\TP5\Documentation\docs\classgiCaster_1_1TennisCaster-members.html = Excercises\TP5\Documentation\docs\classgiCaster_1_1TennisCaster-members.html
		Excercises\TP5\Documentation\docs\classgiCaster_1_1TennisCaster.html = Excercises\TP5\Documentation\docs\classgiCaster_1_1TennisCaster.html
		Excercises\TP5\Documentation\docs\classgiCaster_1_1TennisCaster_1_1PointGagn_xC3_xA9EventArgs-members.html = Excercises\TP5\Documentation\docs\classgiCaster_1_1TennisCaster_1_1PointGagn_xC3_xA9EventArgs-members.html
		Excercises\TP5\Documentation\docs\classgiCaster_1_1TennisCaster_1_1PointGagn_xC3_xA9EventArgs.html = Excercises\TP5\Documentation\docs\classgiCaster_1_1TennisCaster_1_1PointGagn_xC3_xA9EventArgs.html
		Excercises\TP5\Documentation\docs\classgiCaster_1_1TennisCaster_1_1PointGagn_xC3_xA9EventArgs.png = Excercises\TP5\Documentation\docs\classgiCaster_1_1TennisCaster_1_1PointGagn_xC3_xA9EventArgs.png
		Excercises\TP5\Documentation\docs\classgiMatchData_1_1Jeu-members.html = Excercises\TP5\Documentation\docs\classgiMatchData_1_1Jeu-members.html
		Excercises\TP5\Documentation\docs\classgiMatchData_1_1Jeu.html = Excercises\TP5\Documentation\docs\classgiMatchData_1_1Jeu.html
		Excercises\TP5\Documentation\docs\classgiMatchData_1_1Jeu.png = Excercises\TP5\Documentation\docs\classgiMatchData_1_1Jeu.png
		Excercises\TP5\Documentation\docs\classgiMatchData_1_1Match-members.html = Excercises\TP5\Documentation\docs\classgiMatchData_1_1Match-members.html
		Excercises\TP5\Documentation\docs\classgiMatchData_1_1Match.html = Excercises\TP5\Documentation\docs\classgiMatchData_1_1Match.html
		Excercises\TP5\Documentation\docs\classgiMatchData_1_1Match.png = Excercises\TP5\Documentation\docs\classgiMatchData_1_1Match.png
		Excercises\TP5\Documentation\docs\classgiMatchData_1_1Set-members.html = Excercises\TP5\Documentation\docs\classgiMatchData_1_1Set-members.html
		Excercises\TP5\Documentation\docs\classgiMatchData_1_1Set.html = Excercises\TP5\Documentation\docs\classgiMatchData_1_1Set.html
		Excercises\TP5\Documentation\docs\classgiMatchData_1_1TieBreak-members.html = Excercises\TP5\Documentation\docs\classgiMatchData_1_1TieBreak-members.html
		Excercises\TP5\Documentation\docs\classgiMatchData_1_1TieBreak.html = Excercises\TP5\Documentation\docs\classgiMatchData_1_1TieBreak.html
		Excercises\TP5\Documentation\docs\classgiMatchData_1_1TieBreak.png = Excercises\TP5\Documentation\docs\classgiMatchData_1_1TieBreak.png
		Excercises\TP5\Documentation\docs\classgiMatchDisplayTool_1_1DisplayMatch-members.html = Excercises\TP5\Documentation\docs\classgiMatchDisplayTool_1_1DisplayMatch-members.html
		Excercises\TP5\Documentation\docs\classgiMatchDisplayTool_1_1DisplayMatch.html = Excercises\TP5\Documentation\docs\classgiMatchDisplayTool_1_1DisplayMatch.html
		Excercises\TP5\Documentation\docs\doxygen.css = Excercises\TP5\Documentation\docs\doxygen.css
		Excercises\TP5\Documentation\docs\doxygen.png = Excercises\TP5\Documentation\docs\doxygen.png
		Excercises\TP5\Documentation\docs\exos_04.pdf = Excercises\TP5\Documentation\docs\exos_04.pdf
		Excercises\TP5\Documentation\docs\ftv2blank.png = Excercises\TP5\Documentation\docs\ftv2blank.png
		Excercises\TP5\Documentation\docs\ftv2doc.png = Excercises\TP5\Documentation\docs\ftv2doc.png
		Excercises\TP5\Documentation\docs\ftv2folderclosed.png = Excercises\TP5\Documentation\docs\ftv2folderclosed.png
		Excercises\TP5\Documentation\docs\ftv2folderopen.png = Excercises\TP5\Documentation\docs\ftv2folderopen.png
		Excercises\TP5\Documentation\docs\ftv2lastnode.png = Excercises\TP5\Documentation\docs\ftv2lastnode.png
		Excercises\TP5\Documentation\docs\ftv2link.png = Excercises\TP5\Documentation\docs\ftv2link.png
		Excercises\TP5\Documentation\docs\ftv2mlastnode.png = Excercises\TP5\Documentation\docs\ftv2mlastnode.png
		Excercises\TP5\Documentation\docs\ftv2mnode.png = Excercises\TP5\Documentation\docs\ftv2mnode.png
		Excercises\TP5\Documentation\docs\ftv2node.png = Excercises\TP5\Documentation\docs\ftv2node.png
		Excercises\TP5\Documentation\docs\ftv2plastnode.png = Excercises\TP5\Documentation\docs\ftv2plastnode.png
		Excercises\TP5\Documentation\docs\ftv2pnode.png = Excercises\TP5\Documentation\docs\ftv2pnode.png
		Excercises\TP5\Documentation\docs\ftv2vertline.png = Excercises\TP5\Documentation\docs\ftv2vertline.png
		Excercises\TP5\Documentation\docs\functions.html = Excercises\TP5\Documentation\docs\functions.html
		Excercises\TP5\Documentation\docs\functions_enum.html = Excercises\TP5\Documentation\docs\functions_enum.html
		Excercises\TP5\Documentation\docs\functions_evnt.html = Excercises\TP5\Documentation\docs\functions_evnt.html
		Excercises\TP5\Documentation\docs\functions_func.html = Excercises\TP5\Documentation\docs\functions_func.html
		Excercises\TP5\Documentation\docs\functions_prop.html = Excercises\TP5\Documentation\docs\functions_prop.html
		Excercises\TP5\Documentation\docs\functions_vars.html = Excercises\TP5\Documentation\docs\functions_vars.html
		Excercises\TP5\Documentation\docs\hierarchy.html = Excercises\TP5\Documentation\docs\hierarchy.html
		Excercises\TP5\Documentation\docs\index.html = Excercises\TP5\Documentation\docs\index.html
		Excercises\TP5\Documentation\docs\interfacegiMatchData_1_1IMatch-members.html = Excercises\TP5\Documentation\docs\interfacegiMatchData_1_1IMatch-members.html
		Excercises\TP5\Documentation\docs\interfacegiMatchData_1_1IMatch.html = Excercises\TP5\Documentation\docs\interfacegiMatchData_1_1IMatch.html
		Excercises\TP5\Documentation\docs\interfacegiMatchData_1_1IMatch.png = Excercises\TP5\Documentation\docs\interfacegiMatchData_1_1IMatch.png
		Excercises\TP5\Documentation\docs\main.html = Excercises\TP5\Documentation\docs\main.html
		Excercises\TP5\Documentation\docs\namespacegiCaster.html = Excercises\TP5\Documentation\docs\namespacegiCaster.html
		Excercises\TP5\Documentation\docs\namespacegiMatchData.html = Excercises\TP5\Documentation\docs\namespacegiMatchData.html
		Excercises\TP5\Documentation\docs\namespacegiMatchDisplayTool.html = Excercises\TP5\Documentation\docs\namespacegiMatchDisplayTool.html
		Excercises\TP5\Documentation\docs\namespaces.html = Excercises\TP5\Documentation\docs\namespaces.html
		Excercises\TP5\Documentation\docs\tab_b.gif = Excercises\TP5\Documentation\docs\tab_b.gif
		Excercises\TP5\Documentation\docs\tab_l.gif = Excercises\TP5\Documentation\docs\tab_l.gif
		Excercises\TP5\Documentation\docs\tab_r.gif = Excercises\TP5\Documentation\docs\tab_r.gif
		Excercises\TP5\Documentation\docs\tabs.css = Excercises\TP5\Documentation\docs\tabs.css
		Excercises\TP5\Documentation\docs\tree.html = Excercises\TP5\Documentation\docs\tree.html
	EndProjectSection
EndProject
Project("{FAE04EC0-301F-11D3-BF4B-00C04F79EFBC}") = "Goose", "IUT\TP1\Goose.csproj", "{1212B591-F15E-49EB-8C42-235C8EF5C423}"
EndProject
Project("{FAE04EC0-301F-11D3-BF4B-00C04F79EFBC}") = "LINQUERIES", "IUT\TP2\LINQUERIES\LINQUERIES.csproj", "{185A428C-432D-43DF-B32C-371CFE12D6F5}"
EndProject
Project("{2150E333-8FDC-42A3-9474-1A3956D46DE8}") = "TP6", "TP6", "{79F94578-763C-47C5-9851-438B17FE57E3}"
EndProject
Project("{2150E333-8FDC-42A3-9474-1A3956D46DE8}") = "Tennis", "Tennis", "{733C657A-7A64-4377-B170-ED5E6B3217F8}"
EndProject
Project("{FAE04EC0-301F-11D3-BF4B-00C04F79EFBC}") = "Complements", "Excercises\TP5\Complements\Complements.csproj", "{74C90D60-8870-45BE-81C8-5A7F439DE7C7}"
EndProject
Global
	GlobalSection(SolutionConfigurationPlatforms) = preSolution
		Debug|Any CPU = Debug|Any CPU
		Release|Any CPU = Release|Any CPU
	EndGlobalSection
	GlobalSection(ProjectConfigurationPlatforms) = postSolution
		{2F2705F9-AA46-4E15-9182-B788722E8717}.Debug|Any CPU.ActiveCfg = Debug|Any CPU
		{2F2705F9-AA46-4E15-9182-B788722E8717}.Debug|Any CPU.Build.0 = Debug|Any CPU
		{2F2705F9-AA46-4E15-9182-B788722E8717}.Release|Any CPU.ActiveCfg = Release|Any CPU
		{2F2705F9-AA46-4E15-9182-B788722E8717}.Release|Any CPU.Build.0 = Release|Any CPU
		{300836AB-7FB3-41CD-9BC1-A66FB11D9E49}.Debug|Any CPU.ActiveCfg = Debug|Any CPU
		{300836AB-7FB3-41CD-9BC1-A66FB11D9E49}.Debug|Any CPU.Build.0 = Debug|Any CPU
		{300836AB-7FB3-41CD-9BC1-A66FB11D9E49}.Release|Any CPU.ActiveCfg = Release|Any CPU
		{300836AB-7FB3-41CD-9BC1-A66FB11D9E49}.Release|Any CPU.Build.0 = Release|Any CPU
		{F22BE6C5-E750-47A1-9B4F-69671EEF9B45}.Debug|Any CPU.ActiveCfg = Debug|Any CPU
		{F22BE6C5-E750-47A1-9B4F-69671EEF9B45}.Debug|Any CPU.Build.0 = Debug|Any CPU
		{F22BE6C5-E750-47A1-9B4F-69671EEF9B45}.Release|Any CPU.ActiveCfg = Release|Any CPU
		{F22BE6C5-E750-47A1-9B4F-69671EEF9B45}.Release|Any CPU.Build.0 = Release|Any CPU
		{291120B6-9CF4-4CE3-8CDE-45F5AE094090}.Debug|Any CPU.ActiveCfg = Debug|Any CPU
		{291120B6-9CF4-4CE3-8CDE-45F5AE094090}.Debug|Any CPU.Build.0 = Debug|Any CPU
		{291120B6-9CF4-4CE3-8CDE-45F5AE094090}.Release|Any CPU.ActiveCfg = Release|Any CPU
		{291120B6-9CF4-4CE3-8CDE-45F5AE094090}.Release|Any CPU.Build.0 = Release|Any CPU
		{3588B225-56B0-450F-A0BF-9BF834608920}.Debug|Any CPU.ActiveCfg = Debug|Any CPU
		{3588B225-56B0-450F-A0BF-9BF834608920}.Debug|Any CPU.Build.0 = Debug|Any CPU
		{3588B225-56B0-450F-A0BF-9BF834608920}.Release|Any CPU.ActiveCfg = Release|Any CPU
		{3588B225-56B0-450F-A0BF-9BF834608920}.Release|Any CPU.Build.0 = Release|Any CPU
		{532304AA-5883-49E0-AA81-3E9F1CF02B67}.Debug|Any CPU.ActiveCfg = Debug|Any CPU
		{532304AA-5883-49E0-AA81-3E9F1CF02B67}.Debug|Any CPU.Build.0 = Debug|Any CPU
		{532304AA-5883-49E0-AA81-3E9F1CF02B67}.Release|Any CPU.ActiveCfg = Release|Any CPU
		{532304AA-5883-49E0-AA81-3E9F1CF02B67}.Release|Any CPU.Build.0 = Release|Any CPU
		{D9A0A625-0A37-4D78-B1BD-49BFB3704529}.Debug|Any CPU.ActiveCfg = Debug|Any CPU
		{D9A0A625-0A37-4D78-B1BD-49BFB3704529}.Debug|Any CPU.Build.0 = Debug|Any CPU
		{D9A0A625-0A37-4D78-B1BD-49BFB3704529}.Release|Any CPU.ActiveCfg = Release|Any CPU
		{D9A0A625-0A37-4D78-B1BD-49BFB3704529}.Release|Any CPU.Build.0 = Release|Any CPU
		{78AD0E94-BD2B-4E03-A4CA-E60D58905444}.Debug|Any CPU.ActiveCfg = Debug|Any CPU
		{78AD0E94-BD2B-4E03-A4CA-E60D58905444}.Debug|Any CPU.Build.0 = Debug|Any CPU
		{78AD0E94-BD2B-4E03-A4CA-E60D58905444}.Release|Any CPU.ActiveCfg = Release|Any CPU
		{78AD0E94-BD2B-4E03-A4CA-E60D58905444}.Release|Any CPU.Build.0 = Release|Any CPU
		{5CFA800C-58E9-441E-A53C-0FFBBDCC7493}.Debug|Any CPU.ActiveCfg = Debug|Any CPU
		{5CFA800C-58E9-441E-A53C-0FFBBDCC7493}.Debug|Any CPU.Build.0 = Debug|Any CPU
		{5CFA800C-58E9-441E-A53C-0FFBBDCC7493}.Release|Any CPU.ActiveCfg = Release|Any CPU
		{5CFA800C-58E9-441E-A53C-0FFBBDCC7493}.Release|Any CPU.Build.0 = Release|Any CPU
		{475A47B5-2C03-47AF-957D-5715B7DAD425}.Debug|Any CPU.ActiveCfg = Debug|Any CPU
		{475A47B5-2C03-47AF-957D-5715B7DAD425}.Debug|Any CPU.Build.0 = Debug|Any CPU
		{475A47B5-2C03-47AF-957D-5715B7DAD425}.Release|Any CPU.ActiveCfg = Release|Any CPU
		{475A47B5-2C03-47AF-957D-5715B7DAD425}.Release|Any CPU.Build.0 = Release|Any CPU
		{8088A6D9-0413-4C48-8D93-B3EC7035B23E}.Debug|Any CPU.ActiveCfg = Debug|Any CPU
		{8088A6D9-0413-4C48-8D93-B3EC7035B23E}.Debug|Any CPU.Build.0 = Debug|Any CPU
		{8088A6D9-0413-4C48-8D93-B3EC7035B23E}.Release|Any CPU.ActiveCfg = Release|Any CPU
		{8088A6D9-0413-4C48-8D93-B3EC7035B23E}.Release|Any CPU.Build.0 = Release|Any CPU
		{4019865F-2A03-469F-B7CF-BAA91EF09EE1}.Debug|Any CPU.ActiveCfg = Debug|Any CPU
		{4019865F-2A03-469F-B7CF-BAA91EF09EE1}.Debug|Any CPU.Build.0 = Debug|Any CPU
		{4019865F-2A03-469F-B7CF-BAA91EF09EE1}.Release|Any CPU.ActiveCfg = Release|Any CPU
		{4019865F-2A03-469F-B7CF-BAA91EF09EE1}.Release|Any CPU.Build.0 = Release|Any CPU
		{08210819-4878-404E-B023-42355D263D51}.Debug|Any CPU.ActiveCfg = Debug|Any CPU
		{08210819-4878-404E-B023-42355D263D51}.Debug|Any CPU.Build.0 = Debug|Any CPU
		{08210819-4878-404E-B023-42355D263D51}.Release|Any CPU.ActiveCfg = Release|Any CPU
		{08210819-4878-404E-B023-42355D263D51}.Release|Any CPU.Build.0 = Release|Any CPU
		{496571F8-C37B-4E63-8099-9B3B7CA057D8}.Debug|Any CPU.ActiveCfg = Debug|Any CPU
		{496571F8-C37B-4E63-8099-9B3B7CA057D8}.Debug|Any CPU.Build.0 = Debug|Any CPU
		{496571F8-C37B-4E63-8099-9B3B7CA057D8}.Release|Any CPU.ActiveCfg = Release|Any CPU
		{496571F8-C37B-4E63-8099-9B3B7CA057D8}.Release|Any CPU.Build.0 = Release|Any CPU
		{AEAEFE47-F8AA-4911-BD5C-D74D0443E557}.Debug|Any CPU.ActiveCfg = Debug|Any CPU
		{AEAEFE47-F8AA-4911-BD5C-D74D0443E557}.Debug|Any CPU.Build.0 = Debug|Any CPU
		{AEAEFE47-F8AA-4911-BD5C-D74D0443E557}.Release|Any CPU.ActiveCfg = Release|Any CPU
		{AEAEFE47-F8AA-4911-BD5C-D74D0443E557}.Release|Any CPU.Build.0 = Release|Any CPU
		{4E5C51D6-AFDE-4C9F-8162-55CB61FD0B3D}.Debug|Any CPU.ActiveCfg = Debug|Any CPU
		{4E5C51D6-AFDE-4C9F-8162-55CB61FD0B3D}.Debug|Any CPU.Build.0 = Debug|Any CPU
		{4E5C51D6-AFDE-4C9F-8162-55CB61FD0B3D}.Release|Any CPU.ActiveCfg = Release|Any CPU
		{4E5C51D6-AFDE-4C9F-8162-55CB61FD0B3D}.Release|Any CPU.Build.0 = Release|Any CPU
		{1212B591-F15E-49EB-8C42-235C8EF5C423}.Debug|Any CPU.ActiveCfg = Debug|Any CPU
		{1212B591-F15E-49EB-8C42-235C8EF5C423}.Debug|Any CPU.Build.0 = Debug|Any CPU
		{1212B591-F15E-49EB-8C42-235C8EF5C423}.Release|Any CPU.ActiveCfg = Release|Any CPU
		{1212B591-F15E-49EB-8C42-235C8EF5C423}.Release|Any CPU.Build.0 = Release|Any CPU
		{185A428C-432D-43DF-B32C-371CFE12D6F5}.Debug|Any CPU.ActiveCfg = Debug|Any CPU
		{185A428C-432D-43DF-B32C-371CFE12D6F5}.Debug|Any CPU.Build.0 = Debug|Any CPU
		{185A428C-432D-43DF-B32C-371CFE12D6F5}.Release|Any CPU.ActiveCfg = Release|Any CPU
		{185A428C-432D-43DF-B32C-371CFE12D6F5}.Release|Any CPU.Build.0 = Release|Any CPU
		{74C90D60-8870-45BE-81C8-5A7F439DE7C7}.Debug|Any CPU.ActiveCfg = Debug|Any CPU
		{74C90D60-8870-45BE-81C8-5A7F439DE7C7}.Debug|Any CPU.Build.0 = Debug|Any CPU
		{74C90D60-8870-45BE-81C8-5A7F439DE7C7}.Release|Any CPU.ActiveCfg = Release|Any CPU
		{74C90D60-8870-45BE-81C8-5A7F439DE7C7}.Release|Any CPU.Build.0 = Release|Any CPU
	EndGlobalSection
	GlobalSection(SolutionProperties) = preSolution
		HideSolutionNode = FALSE
	EndGlobalSection
	GlobalSection(NestedProjects) = preSolution
		{CD0B88CA-6899-4AEA-ACC2-D8ED7BF0EB8D} = {553272DB-244A-4E76-B7DC-9BFB9C6728DD}
		{9C9DFA63-C073-4489-819B-2571F692DEAA} = {CD0B88CA-6899-4AEA-ACC2-D8ED7BF0EB8D}
		{A6387C38-0B90-49BF-8144-2F943CC231B6} = {553272DB-244A-4E76-B7DC-9BFB9C6728DD}
		{F449BE9D-BD6D-4FDF-9222-83636A9D1D3D} = {553272DB-244A-4E76-B7DC-9BFB9C6728DD}
		{7FEAC3F7-5F40-4F83-981A-BA645055F7E7} = {A6387C38-0B90-49BF-8144-2F943CC231B6}
		{2AD93762-B717-4D2A-A2AB-283F01E5C82B} = {553272DB-244A-4E76-B7DC-9BFB9C6728DD}
		{CFD9C3FD-2EB7-4A6B-9E25-90BB1A64EDA5} = {553272DB-244A-4E76-B7DC-9BFB9C6728DD}
		{4FD6FBFB-343E-4AEE-AA4A-FF8931B6BCBA} = {553272DB-244A-4E76-B7DC-9BFB9C6728DD}
		{22DA4EF1-6FAD-4450-9EB2-EE0679692302} = {E57AF605-B1C4-4F11-B92E-46B71DC2BE7B}
		{300836AB-7FB3-41CD-9BC1-A66FB11D9E49} = {F449BE9D-BD6D-4FDF-9222-83636A9D1D3D}
		{F22BE6C5-E750-47A1-9B4F-69671EEF9B45} = {F449BE9D-BD6D-4FDF-9222-83636A9D1D3D}
		{291120B6-9CF4-4CE3-8CDE-45F5AE094090} = {2AD93762-B717-4D2A-A2AB-283F01E5C82B}
		{3588B225-56B0-450F-A0BF-9BF834608920} = {7FEAC3F7-5F40-4F83-981A-BA645055F7E7}
		{532304AA-5883-49E0-AA81-3E9F1CF02B67} = {7FEAC3F7-5F40-4F83-981A-BA645055F7E7}
		{D9A0A625-0A37-4D78-B1BD-49BFB3704529} = {A6387C38-0B90-49BF-8144-2F943CC231B6}
		{78AD0E94-BD2B-4E03-A4CA-E60D58905444} = {9C9DFA63-C073-4489-819B-2571F692DEAA}
		{5CFA800C-58E9-441E-A53C-0FFBBDCC7493} = {9C9DFA63-C073-4489-819B-2571F692DEAA}
		{475A47B5-2C03-47AF-957D-5715B7DAD425} = {CD0B88CA-6899-4AEA-ACC2-D8ED7BF0EB8D}
		{8088A6D9-0413-4C48-8D93-B3EC7035B23E} = {CD0B88CA-6899-4AEA-ACC2-D8ED7BF0EB8D}
		{4019865F-2A03-469F-B7CF-BAA91EF09EE1} = {CFD9C3FD-2EB7-4A6B-9E25-90BB1A64EDA5}
		{08210819-4878-404E-B023-42355D263D51} = {0A237974-61AF-4A32-9ECF-5BD49A5CAD77}
		{496571F8-C37B-4E63-8099-9B3B7CA057D8} = {D2763080-281A-4418-9F29-4EAFDB74E02E}
		{A6D63163-4145-4C85-B007-B334E5A674FE} = {E57AF605-B1C4-4F11-B92E-46B71DC2BE7B}
		{D00C0D50-412C-4D42-BFEF-7FB9D1A4A89A} = {553272DB-244A-4E76-B7DC-9BFB9C6728DD}
		{AEAEFE47-F8AA-4911-BD5C-D74D0443E557} = {733C657A-7A64-4377-B170-ED5E6B3217F8}
		{4E5C51D6-AFDE-4C9F-8162-55CB61FD0B3D} = {733C657A-7A64-4377-B170-ED5E6B3217F8}
		{2A5F77B1-5AE4-43F5-B634-D729D008117A} = {733C657A-7A64-4377-B170-ED5E6B3217F8}
		{DF08C98C-B9C2-4E65-B82E-3A912E7A46E7} = {2A5F77B1-5AE4-43F5-B634-D729D008117A}
		{4D81CD4E-3458-4D17-9D3D-06D3DD0F36D0} = {2A5F77B1-5AE4-43F5-B634-D729D008117A}
		{1212B591-F15E-49EB-8C42-235C8EF5C423} = {22DA4EF1-6FAD-4450-9EB2-EE0679692302}
		{185A428C-432D-43DF-B32C-371CFE12D6F5} = {A6D63163-4145-4C85-B007-B334E5A674FE}
		{79F94578-763C-47C5-9851-438B17FE57E3} = {553272DB-244A-4E76-B7DC-9BFB9C6728DD}
		{733C657A-7A64-4377-B170-ED5E6B3217F8} = {4FD6FBFB-343E-4AEE-AA4A-FF8931B6BCBA}
		{74C90D60-8870-45BE-81C8-5A7F439DE7C7} = {4FD6FBFB-343E-4AEE-AA4A-FF8931B6BCBA}
	EndGlobalSection
EndGlobal
